{
  "name": "text-m",
  "version": "0.0.1",
  "lockfileVersion": 3,
  "requires": true,
  "packages": {
    "": {
      "name": "text-m",
      "version": "0.0.1",
      "license": "MIT",
      "devDependencies": {
        "list-m": "^0.1.1"
      }
    },
    "node_modules/@webreflection/fetch": {
      "version": "0.1.5",
      "resolved": "https://registry.npmjs.org/@webreflection/fetch/-/fetch-0.1.5.tgz",
      "integrity": "sha512-zCcqCJoNLvdeF41asAK71XPlwSPieeRDsE09albBunJEksuYPYNillKNQjf8p5BqSoTKTuKrW3lUm3MNodUC4g==",
      "dev": true,
      "license": "MIT"
    },
    "node_modules/dry-html": {
      "version": "0.3.2",
      "resolved": "https://registry.npmjs.org/dry-html/-/dry-html-0.3.2.tgz",
      "integrity": "sha512-86lG0+9CVNy0pmiwxK44gki8u9CzWZH44gQmYPeHjGISkvQTvBMPyrd7t/lvE2GekTwxrLjfUcwoMJpNIQkcbQ==",
      "dev": true,
      "license": "MIT"
    },
    "node_modules/list-m": {
      "version": "0.1.1",
      "resolved": "https://registry.npmjs.org/list-m/-/list-m-0.1.1.tgz",
      "integrity": "sha512-mRFY+rQeDTizL5mfLmULDjKuMBYlprCwx2IcQ1/mcHpFeasvkqIIo3NK765sdzxgluY6dC/vPKl/t33Yti+21Q==",
      "dev": true,
      "license": "MIT",
      "dependencies": {
        "@webreflection/fetch": "^0.1.5",
        "dry-html": "^0.3.2"
      }
    }
  }
}
